// !$*UTF8*$!
{
	archiveVersion = 1;
	classes = {
	};
	objectVersion = 50;
	objects = {

/* Begin PBXBuildFile section */
		BD1500B42467D91800E7E6DE /* binarySearchTree.cpp in Sources */ = {isa = PBXBuildFile; fileRef = BD1500B22467D91800E7E6DE /* binarySearchTree.cpp */; };
		BD2BBFA7243777EE00AF1931 /* main.cpp in Sources */ = {isa = PBXBuildFile; fileRef = BD2BBFA6243777EE00AF1931 /* main.cpp */; };
		BD2BBFAF2437782B00AF1931 /* sort_methods.cpp in Sources */ = {isa = PBXBuildFile; fileRef = BD2BBFAD2437782B00AF1931 /* sort_methods.cpp */; };
		BD788C2F24448DAA00801C48 /* maxsubarray_method.cpp in Sources */ = {isa = PBXBuildFile; fileRef = BD788C2D24448DAA00801C48 /* maxsubarray_method.cpp */; };
		BD7D9B98245450830088C3A4 /* matrix.cpp in Sources */ = {isa = PBXBuildFile; fileRef = BD7D9B96245450830088C3A4 /* matrix.cpp */; };
		BD7D9B9C24557C260088C3A4 /* selfimplemented_Vector.cpp in Sources */ = {isa = PBXBuildFile; fileRef = BD7D9B9A24557C260088C3A4 /* selfimplemented_Vector.cpp */; };
		BD7D9B9F245594340088C3A4 /* selfimplemented_List.cpp in Sources */ = {isa = PBXBuildFile; fileRef = BD7D9B9D245594340088C3A4 /* selfimplemented_List.cpp */; };
		BDDC824F2466AF270037F5C6 /* search_methods.cpp in Sources */ = {isa = PBXBuildFile; fileRef = BDDC824D2466AF270037F5C6 /* search_methods.cpp */; };
		BDF81D37245A745D000F93B3 /* linked_list.cpp in Sources */ = {isa = PBXBuildFile; fileRef = BDF81D35245A745D000F93B3 /* linked_list.cpp */; };
/* End PBXBuildFile section */

/* Begin PBXCopyFilesBuildPhase section */
		BD2BBFA1243777EE00AF1931 /* CopyFiles */ = {
			isa = PBXCopyFilesBuildPhase;
			buildActionMask = 2147483647;
			dstPath = /usr/share/man/man1/;
			dstSubfolderSpec = 0;
			files = (
			);
			runOnlyForDeploymentPostprocessing = 1;
		};
/* End PBXCopyFilesBuildPhase section */

/* Begin PBXFileReference section */
		BD1500B22467D91800E7E6DE /* binarySearchTree.cpp */ = {isa = PBXFileReference; lastKnownFileType = sourcecode.cpp.cpp; path = binarySearchTree.cpp; sourceTree = "<group>"; };
		BD1500B32467D91800E7E6DE /* binarySearchTree.hpp */ = {isa = PBXFileReference; lastKnownFileType = sourcecode.cpp.h; path = binarySearchTree.hpp; sourceTree = "<group>"; };
		BD2BBFA3243777EE00AF1931 /* Introduction_to_Algorithm */ = {isa = PBXFileReference; explicitFileType = "compiled.mach-o.executable"; includeInIndex = 0; path = Introduction_to_Algorithm; sourceTree = BUILT_PRODUCTS_DIR; };
		BD2BBFA6243777EE00AF1931 /* main.cpp */ = {isa = PBXFileReference; lastKnownFileType = sourcecode.cpp.cpp; path = main.cpp; sourceTree = "<group>"; };
		BD2BBFAD2437782B00AF1931 /* sort_methods.cpp */ = {isa = PBXFileReference; lastKnownFileType = sourcecode.cpp.cpp; path = sort_methods.cpp; sourceTree = "<group>"; };
		BD2BBFAE2437782B00AF1931 /* sort_methods.hpp */ = {isa = PBXFileReference; lastKnownFileType = sourcecode.cpp.h; path = sort_methods.hpp; sourceTree = "<group>"; };
		BD788C2D24448DAA00801C48 /* maxsubarray_method.cpp */ = {isa = PBXFileReference; lastKnownFileType = sourcecode.cpp.cpp; path = maxsubarray_method.cpp; sourceTree = "<group>"; };
		BD788C2E24448DAA00801C48 /* maxsubarray_method.hpp */ = {isa = PBXFileReference; lastKnownFileType = sourcecode.cpp.h; path = maxsubarray_method.hpp; sourceTree = "<group>"; };
		BD7D9B96245450830088C3A4 /* matrix.cpp */ = {isa = PBXFileReference; lastKnownFileType = sourcecode.cpp.cpp; path = matrix.cpp; sourceTree = "<group>"; };
		BD7D9B97245450830088C3A4 /* matrix.hpp */ = {isa = PBXFileReference; lastKnownFileType = sourcecode.cpp.h; path = matrix.hpp; sourceTree = "<group>"; };
		BD7D9B9A24557C260088C3A4 /* selfimplemented_Vector.cpp */ = {isa = PBXFileReference; lastKnownFileType = sourcecode.cpp.cpp; path = selfimplemented_Vector.cpp; sourceTree = "<group>"; };
		BD7D9B9B24557C260088C3A4 /* selfimplemented_Vector.hpp */ = {isa = PBXFileReference; lastKnownFileType = sourcecode.cpp.h; path = selfimplemented_Vector.hpp; sourceTree = "<group>"; };
		BD7D9B9D245594340088C3A4 /* selfimplemented_List.cpp */ = {isa = PBXFileReference; lastKnownFileType = sourcecode.cpp.cpp; path = selfimplemented_List.cpp; sourceTree = "<group>"; };
		BD7D9B9E245594340088C3A4 /* selfimplemented_List.hpp */ = {isa = PBXFileReference; lastKnownFileType = sourcecode.cpp.h; path = selfimplemented_List.hpp; sourceTree = "<group>"; };
		BDDC824D2466AF270037F5C6 /* search_methods.cpp */ = {isa = PBXFileReference; lastKnownFileType = sourcecode.cpp.cpp; path = search_methods.cpp; sourceTree = "<group>"; };
		BDDC824E2466AF270037F5C6 /* search_methods.hpp */ = {isa = PBXFileReference; lastKnownFileType = sourcecode.cpp.h; path = search_methods.hpp; sourceTree = "<group>"; };
		BDF81D35245A745D000F93B3 /* linked_list.cpp */ = {isa = PBXFileReference; lastKnownFileType = sourcecode.cpp.cpp; path = linked_list.cpp; sourceTree = "<group>"; };
		BDF81D36245A745D000F93B3 /* linked_list.hpp */ = {isa = PBXFileReference; lastKnownFileType = sourcecode.cpp.h; path = linked_list.hpp; sourceTree = "<group>"; };
/* End PBXFileReference section */

/* Begin PBXFrameworksBuildPhase section */
		BD2BBFA0243777EE00AF1931 /* Frameworks */ = {
			isa = PBXFrameworksBuildPhase;
			buildActionMask = 2147483647;
			files = (
			);
			runOnlyForDeploymentPostprocessing = 0;
		};
/* End PBXFrameworksBuildPhase section */

/* Begin PBXGroup section */
		BD2BBF9A243777EE00AF1931 = {
			isa = PBXGroup;
			children = (
				BD2BBFA5243777EE00AF1931 /* Introduction_to_Algorithm */,
				BD2BBFA4243777EE00AF1931 /* Products */,
			);
			sourceTree = "<group>";
		};
		BD2BBFA4243777EE00AF1931 /* Products */ = {
			isa = PBXGroup;
			children = (
				BD2BBFA3243777EE00AF1931 /* Introduction_to_Algorithm */,
			);
			name = Products;
			sourceTree = "<group>";
		};
		BD2BBFA5243777EE00AF1931 /* Introduction_to_Algorithm */ = {
			isa = PBXGroup;
			children = (
				BDDC824A2466ACE80037F5C6 /* Algorithms */,
				BD7D9B9924553AC60088C3A4 /* Data_Structure */,
				BD2BBFA6243777EE00AF1931 /* main.cpp */,
			);
			path = Introduction_to_Algorithm;
			sourceTree = "<group>";
		};
		BD7D9B9924553AC60088C3A4 /* Data_Structure */ = {
			isa = PBXGroup;
			children = (
				BD7D9B96245450830088C3A4 /* matrix.cpp */,
				BD7D9B97245450830088C3A4 /* matrix.hpp */,
				BD7D9B9A24557C260088C3A4 /* selfimplemented_Vector.cpp */,
				BD7D9B9B24557C260088C3A4 /* selfimplemented_Vector.hpp */,
				BD7D9B9D245594340088C3A4 /* selfimplemented_List.cpp */,
				BD7D9B9E245594340088C3A4 /* selfimplemented_List.hpp */,
				BDF81D35245A745D000F93B3 /* linked_list.cpp */,
				BDF81D36245A745D000F93B3 /* linked_list.hpp */,
				BD1500B22467D91800E7E6DE /* binarySearchTree.cpp */,
				BD1500B32467D91800E7E6DE /* binarySearchTree.hpp */,
			);
			path = Data_Structure;
			sourceTree = "<group>";
		};
		BDDC824A2466ACE80037F5C6 /* Algorithms */ = {
			isa = PBXGroup;
			children = (
				BDDC824C2466AD7D0037F5C6 /* Search_Algorithms */,
				BDDC824B2466AD6A0037F5C6 /* Sort_Algorithms */,
				BD788C2D24448DAA00801C48 /* maxsubarray_method.cpp */,
				BD788C2E24448DAA00801C48 /* maxsubarray_method.hpp */,
			);
			path = Algorithms;
			sourceTree = "<group>";
		};
		BDDC824B2466AD6A0037F5C6 /* Sort_Algorithms */ = {
			isa = PBXGroup;
			children = (
				BD2BBFAD2437782B00AF1931 /* sort_methods.cpp */,
				BD2BBFAE2437782B00AF1931 /* sort_methods.hpp */,
			);
			path = Sort_Algorithms;
			sourceTree = "<group>";
		};
		BDDC824C2466AD7D0037F5C6 /* Search_Algorithms */ = {
			isa = PBXGroup;
			children = (
				BDDC824D2466AF270037F5C6 /* search_methods.cpp */,
				BDDC824E2466AF270037F5C6 /* search_methods.hpp */,
			);
			path = Search_Algorithms;
			sourceTree = "<group>";
		};
/* End PBXGroup section */

/* Begin PBXNativeTarget section */
		BD2BBFA2243777EE00AF1931 /* Introduction_to_Algorithm */ = {
			isa = PBXNativeTarget;
			buildConfigurationList = BD2BBFAA243777EE00AF1931 /* Build configuration list for PBXNativeTarget "Introduction_to_Algorithm" */;
			buildPhases = (
				BD2BBF9F243777EE00AF1931 /* Sources */,
				BD2BBFA0243777EE00AF1931 /* Frameworks */,
				BD2BBFA1243777EE00AF1931 /* CopyFiles */,
			);
			buildRules = (
			);
			dependencies = (
			);
			name = Introduction_to_Algorithm;
			productName = Introduction_to_Algorithm;
			productReference = BD2BBFA3243777EE00AF1931 /* Introduction_to_Algorithm */;
			productType = "com.apple.product-type.tool";
		};
/* End PBXNativeTarget section */

/* Begin PBXProject section */
		BD2BBF9B243777EE00AF1931 /* Project object */ = {
			isa = PBXProject;
			attributes = {
				LastUpgradeCheck = 1140;
				ORGANIZATIONNAME = Edith;
				TargetAttributes = {
					BD2BBFA2243777EE00AF1931 = {
						CreatedOnToolsVersion = 11.4;
					};
				};
			};
			buildConfigurationList = BD2BBF9E243777EE00AF1931 /* Build configuration list for PBXProject "Introduction_to_Algorithm" */;
			compatibilityVersion = "Xcode 9.3";
			developmentRegion = en;
			hasScannedForEncodings = 0;
			knownRegions = (
				en,
				Base,
			);
			mainGroup = BD2BBF9A243777EE00AF1931;
			productRefGroup = BD2BBFA4243777EE00AF1931 /* Products */;
			projectDirPath = "";
			projectRoot = "";
			targets = (
				BD2BBFA2243777EE00AF1931 /* Introduction_to_Algorithm */,
			);
		};
/* End PBXProject section */

/* Begin PBXSourcesBuildPhase section */
		BD2BBF9F243777EE00AF1931 /* Sources */ = {
			isa = PBXSourcesBuildPhase;
			buildActionMask = 2147483647;
			files = (
				BD7D9B98245450830088C3A4 /* matrix.cpp in Sources */,
				BD788C2F24448DAA00801C48 /* maxsubarray_method.cpp in Sources */,
				BD1500B42467D91800E7E6DE /* binarySearchTree.cpp in Sources */,
				BDF81D37245A745D000F93B3 /* linked_list.cpp in Sources */,
				BD7D9B9C24557C260088C3A4 /* selfimplemented_Vector.cpp in Sources */,
				BDDC824F2466AF270037F5C6 /* search_methods.cpp in Sources */,
				BD2BBFAF2437782B00AF1931 /* sort_methods.cpp in Sources */,
				BD7D9B9F245594340088C3A4 /* selfimplemented_List.cpp in Sources */,
				BD2BBFA7243777EE00AF1931 /* main.cpp in Sources */,
			);
			runOnlyForDeploymentPostprocessing = 0;
		};
/* End PBXSourcesBuildPhase section */

/* Begin XCBuildConfiguration section */
		BD2BBFA8243777EE00AF1931 /* Debug */ = {
			isa = XCBuildConfiguration;
			buildSettings = {
				ALWAYS_SEARCH_USER_PATHS = NO;
				CLANG_ANALYZER_NONNULL = YES;
				CLANG_ANALYZER_NUMBER_OBJECT_CONVERSION = YES_AGGRESSIVE;
				CLANG_CXX_LANGUAGE_STANDARD = "gnu++14";
				CLANG_CXX_LIBRARY = "libc++";
				CLANG_ENABLE_MODULES = YES;
				CLANG_ENABLE_OBJC_ARC = YES;
				CLANG_ENABLE_OBJC_WEAK = YES;
				CLANG_WARN_BLOCK_CAPTURE_AUTORELEASING = YES;
				CLANG_WARN_BOOL_CONVERSION = YES;
				CLANG_WARN_COMMA = YES;
				CLANG_WARN_CONSTANT_CONVERSION = YES;
				CLANG_WARN_DEPRECATED_OBJC_IMPLEMENTATIONS = YES;
				CLANG_WARN_DIRECT_OBJC_ISA_USAGE = YES_ERROR;
				CLANG_WARN_DOCUMENTATION_COMMENTS = YES;
				CLANG_WARN_EMPTY_BODY = YES;
				CLANG_WARN_ENUM_CONVERSION = YES;
				CLANG_WARN_INFINITE_RECURSION = YES;
				CLANG_WARN_INT_CONVERSION = YES;
				CLANG_WARN_NON_LITERAL_NULL_CONVERSION = YES;
				CLANG_WARN_OBJC_IMPLICIT_RETAIN_SELF = YES;
				CLANG_WARN_OBJC_LITERAL_CONVERSION = YES;
				CLANG_WARN_OBJC_ROOT_CLASS = YES_ERROR;
				CLANG_WARN_RANGE_LOOP_ANALYSIS = YES;
				CLANG_WARN_STRICT_PROTOTYPES = YES;
				CLANG_WARN_SUSPICIOUS_MOVE = YES;
				CLANG_WARN_UNGUARDED_AVAILABILITY = YES_AGGRESSIVE;
				CLANG_WARN_UNREACHABLE_CODE = YES;
				CLANG_WARN__DUPLICATE_METHOD_MATCH = YES;
				COPY_PHASE_STRIP = NO;
				DEBUG_INFORMATION_FORMAT = dwarf;
				ENABLE_STRICT_OBJC_MSGSEND = YES;
				ENABLE_TESTABILITY = YES;
				GCC_C_LANGUAGE_STANDARD = gnu11;
				GCC_DYNAMIC_NO_PIC = NO;
				GCC_NO_COMMON_BLOCKS = YES;
				GCC_OPTIMIZATION_LEVEL = 0;
				GCC_PREPROCESSOR_DEFINITIONS = (
					"DEBUG=1",
					"$(inherited)",
				);
				GCC_WARN_64_TO_32_BIT_CONVERSION = YES;
				GCC_WARN_ABOUT_RETURN_TYPE = YES_ERROR;
				GCC_WARN_UNDECLARED_SELECTOR = YES;
				GCC_WARN_UNINITIALIZED_AUTOS = YES_AGGRESSIVE;
				GCC_WARN_UNUSED_FUNCTION = YES;
				GCC_WARN_UNUSED_VARIABLE = YES;
				MACOSX_DEPLOYMENT_TARGET = 10.15;
				MTL_ENABLE_DEBUG_INFO = INCLUDE_SOURCE;
				MTL_FAST_MATH = YES;
				ONLY_ACTIVE_ARCH = YES;
				SDKROOT = macosx;
			};
			name = Debug;
		};
		BD2BBFA9243777EE00AF1931 /* Release */ = {
			isa = XCBuildConfiguration;
			buildSettings = {
				ALWAYS_SEARCH_USER_PATHS = NO;
				CLANG_ANALYZER_NONNULL = YES;
				CLANG_ANALYZER_NUMBER_OBJECT_CONVERSION = YES_AGGRESSIVE;
				CLANG_CXX_LANGUAGE_STANDARD = "gnu++14";
				CLANG_CXX_LIBRARY = "libc++";
				CLANG_ENABLE_MODULES = YES;
				CLANG_ENABLE_OBJC_ARC = YES;
				CLANG_ENABLE_OBJC_WEAK = YES;
				CLANG_WARN_BLOCK_CAPTURE_AUTORELEASING = YES;
				CLANG_WARN_BOOL_CONVERSION = YES;
				CLANG_WARN_COMMA = YES;
				CLANG_WARN_CONSTANT_CONVERSION = YES;
				CLANG_WARN_DEPRECATED_OBJC_IMPLEMENTATIONS = YES;
				CLANG_WARN_DIRECT_OBJC_ISA_USAGE = YES_ERROR;
				CLANG_WARN_DOCUMENTATION_COMMENTS = YES;
				CLANG_WARN_EMPTY_BODY = YES;
				CLANG_WARN_ENUM_CONVERSION = YES;
				CLANG_WARN_INFINITE_RECURSION = YES;
				CLANG_WARN_INT_CONVERSION = YES;
				CLANG_WARN_NON_LITERAL_NULL_CONVERSION = YES;
				CLANG_WARN_OBJC_IMPLICIT_RETAIN_SELF = YES;
				CLANG_WARN_OBJC_LITERAL_CONVERSION = YES;
				CLANG_WARN_OBJC_ROOT_CLASS = YES_ERROR;
				CLANG_WARN_RANGE_LOOP_ANALYSIS = YES;
				CLANG_WARN_STRICT_PROTOTYPES = YES;
				CLANG_WARN_SUSPICIOUS_MOVE = YES;
				CLANG_WARN_UNGUARDED_AVAILABILITY = YES_AGGRESSIVE;
				CLANG_WARN_UNREACHABLE_CODE = YES;
				CLANG_WARN__DUPLICATE_METHOD_MATCH = YES;
				COPY_PHASE_STRIP = NO;
				DEBUG_INFORMATION_FORMAT = "dwarf-with-dsym";
				ENABLE_NS_ASSERTIONS = NO;
				ENABLE_STRICT_OBJC_MSGSEND = YES;
				GCC_C_LANGUAGE_STANDARD = gnu11;
				GCC_NO_COMMON_BLOCKS = YES;
				GCC_WARN_64_TO_32_BIT_CONVERSION = YES;
				GCC_WARN_ABOUT_RETURN_TYPE = YES_ERROR;
				GCC_WARN_UNDECLARED_SELECTOR = YES;
				GCC_WARN_UNINITIALIZED_AUTOS = YES_AGGRESSIVE;
				GCC_WARN_UNUSED_FUNCTION = YES;
				GCC_WARN_UNUSED_VARIABLE = YES;
				MACOSX_DEPLOYMENT_TARGET = 10.15;
				MTL_ENABLE_DEBUG_INFO = NO;
				MTL_FAST_MATH = YES;
				SDKROOT = macosx;
			};
			name = Release;
		};
		BD2BBFAB243777EE00AF1931 /* Debug */ = {
			isa = XCBuildConfiguration;
			buildSettings = {
				CODE_SIGN_STYLE = Automatic;
				DEVELOPMENT_TEAM = D522LAB9G9;
				ENABLE_HARDENED_RUNTIME = YES;
				PRODUCT_NAME = "$(TARGET_NAME)";
			};
			name = Debug;
		};
		BD2BBFAC243777EE00AF1931 /* Release */ = {
			isa = XCBuildConfiguration;
			buildSettings = {
				CODE_SIGN_STYLE = Automatic;
				DEVELOPMENT_TEAM = D522LAB9G9;
				ENABLE_HARDENED_RUNTIME = YES;
				PRODUCT_NAME = "$(TARGET_NAME)";
			};
			name = Release;
		};
/* End XCBuildConfiguration section */

/* Begin XCConfigurationList section */
		BD2BBF9E243777EE00AF1931 /* Build configuration list for PBXProject "Introduction_to_Algorithm" */ = {
			isa = XCConfigurationList;
			buildConfigurations = (
				BD2BBFA8243777EE00AF1931 /* Debug */,
				BD2BBFA9243777EE00AF1931 /* Release */,
			);
			defaultConfigurationIsVisible = 0;
			defaultConfigurationName = Release;
		};
		BD2BBFAA243777EE00AF1931 /* Build configuration list for PBXNativeTarget "Introduction_to_Algorithm" */ = {
			isa = XCConfigurationList;
			buildConfigurations = (
				BD2BBFAB243777EE00AF1931 /* Debug */,
				BD2BBFAC243777EE00AF1931 /* Release */,
			);
			defaultConfigurationIsVisible = 0;
			defaultConfigurationName = Release;
		};
/* End XCConfigurationList section */
	};
	rootObject = BD2BBF9B243777EE00AF1931 /* Project object */;
}
